lockfileVersion: '9.0'

settings:
  autoInstallPeers: true
  excludeLinksFromLockfile: false

importers:

  .:
    dependencies:
      react:
        specifier: ^18.3.1
        version: 18.3.1
      react-dom:
        specifier: ^18.3.1
        version: 18.3.1(react@18.3.1)
      zod:
        specifier: ^3.23.8
        version: 3.23.8
    devDependencies:
      eslint:
        specifier: ^9.13.0
        version: 9.14.0
      typescript:
        specifier: ~5.6.2
        version: 5.6.3
      vite:
        specifier: ^5.4.10
        version: 5.4.11
      vitest:
        specifier: ^2.1.4
        version: 2.1.5
