# This file is automatically @generated by Cargo.
# It is not intended for manual editing.
version = 3

[[package]]
name = "anyhow"
version = "1.0.86"

[[package]]
name = "proptest"
version = "1.4.0"

[[package]]
name = "sensor-gateway"
version = "0.2.0"

[[package]]
name = "serde"
version = "1.0.203"

[[package]]
name = "tokio"
version = "1.38.0"
